# This file was autogenerated by Stack.
# You should not edit this file by hand.
# For more information, please see the documentation at:
#   https://docs.haskellstack.org/en/stable/lock_files

packages:
- completed:
    subdir: gogol
    name: gogol
    version: 0.5.0
    git: https://github.com/brendanhay/gogol.git
    pantry-tree:
      size: 1289
      sha256: 3986b88546250d4325d87be555fde73a52487694afc286e995d8d31dfd8b1b94
    commit: d7c7d71fc985cd96fb5f05173da6c607da362b74
  original:
    subdir: gogol
    git: https://github.com/brendanhay/gogol.git
    commit: d7c7d71fc985cd96fb5f05173da6c607da362b74
- completed:
    subdir: core
    name: gogol-core
    version: 0.5.0
    git: https://github.com/brendanhay/gogol.git
    pantry-tree:
      size: 732
      sha256: 1cf97a788d6c3a804a9287bcb3c17a92ac93f9ab1f44cad6c9ad7be4a6653275
    commit: d7c7d71fc985cd96fb5f05173da6c607da362b74
  original:
    subdir: core
    git: https://github.com/brendanhay/gogol.git
    commit: d7c7d71fc985cd96fb5f05173da6c607da362b74
- completed:
    subdir: gogol-drive
    name: gogol-drive
    version: 0.5.0
    git: https://github.com/brendanhay/gogol.git
    pantry-tree:
      size: 4830
      sha256: 636db2ca85b3b01197d53c711b01e8cf515ab9b65ee996a1950a8ff0dc829c79
    commit: d7c7d71fc985cd96fb5f05173da6c607da362b74
  original:
    subdir: gogol-drive
    git: https://github.com/brendanhay/gogol.git
    commit: d7c7d71fc985cd96fb5f05173da6c607da362b74
- completed:
    subdir: servant
    name: servant
    version: '0.18'
    git: https://github.com/haskell-servant/servant.git
    pantry-tree:
      size: 2741
      sha256: 63fbab135704ce0e431ced334569a49805fa085e339cb14fc11a67e975ac35de
    commit: c1105899f47d5537c1bdc8c86bee3523bdf05282
  original:
    subdir: servant
    git: https://github.com/haskell-servant/servant.git
    commit: c1105899f47d5537c1bdc8c86bee3523bdf05282
- completed:
    subdir: servant-client
    name: servant-client
    version: '0.18'
    git: https://github.com/haskell-servant/servant.git
    pantry-tree:
      size: 1346
      sha256: b76daea7f3418e0605869785aff40d372f6611e398de5601f0b5bc2f62c863ad
    commit: c1105899f47d5537c1bdc8c86bee3523bdf05282
  original:
    subdir: servant-client
    git: https://github.com/haskell-servant/servant.git
    commit: c1105899f47d5537c1bdc8c86bee3523bdf05282
- completed:
    subdir: servant-client-core
    name: servant-client-core
    version: '0.18'
    git: https://github.com/haskell-servant/servant.git
    pantry-tree:
      size: 1444
      sha256: 44c496a47641072c9415ed1ada5af81f95bab93a77e05b686e6eff51405acde3
    commit: c1105899f47d5537c1bdc8c86bee3523bdf05282
  original:
    subdir: servant-client-core
    git: https://github.com/haskell-servant/servant.git
    commit: c1105899f47d5537c1bdc8c86bee3523bdf05282
- completed:
    subdir: servant-server
    name: servant-server
    version: '0.18'
    git: https://github.com/haskell-servant/servant.git
    pantry-tree:
      size: 2727
      sha256: 61c3a50e10cfd8c490aa9c45fb4a81b96825f91a3b4285703e19544f2b261824
    commit: c1105899f47d5537c1bdc8c86bee3523bdf05282
  original:
    subdir: servant-server
    git: https://github.com/haskell-servant/servant.git
    commit: c1105899f47d5537c1bdc8c86bee3523bdf05282
snapshots:
- completed:
    size: 532177
    url: https://raw.githubusercontent.com/commercialhaskell/stackage-snapshots/master/lts/16/20.yaml
    sha256: 0e14ba5603f01e8496e8984fd84b545a012ca723f51a098c6c9d3694e404dc6d
  original: lts-16.20
